// !$*UTF8*$!
{
	archiveVersion = 1;
	classes = {
	};
	objectVersion = 77;
	objects = {

/* Begin PBXBuildFile section */
		BB0000012FA0000700000007 /* ApprovalServerKit in Frameworks */ = {isa = PBXBuildFile; productRef = BB0000012FA0000800000008 /* ApprovalServerKit */; };
		CC0000010000000100000001 /* CodingBuddyKit in Frameworks */ = {isa = PBXBuildFile; productRef = CC0000010000000200000002 /* CodingBuddyKit */; };
		CC0000010000000300000003 /* CodingBuddyChat in Frameworks */ = {isa = PBXBuildFile; productRef = CC0000010000000400000004 /* CodingBuddyChat */; };
		FA0000010000000100000001 /* Sparkle in Frameworks */ = {isa = PBXBuildFile; productRef = FA0000010000000200000002 /* Sparkle */; };
/* End PBXBuildFile section */

/* Begin PBXContainerItemProxy section */
		7BC42C002F70C19800D3FEC6 /* PBXContainerItemProxy */ = {
			isa = PBXContainerItemProxy;
			containerPortal = 7BC42BEA2F70C19600D3FEC6 /* Project object */;
			proxyType = 1;
			remoteGlobalIDString = 7BC42BF12F70C19600D3FEC6;
			remoteInfo = CodingBuddy;
		};
		7BC42C0A2F70C19800D3FEC6 /* PBXContainerItemProxy */ = {
			isa = PBXContainerItemProxy;
			containerPortal = 7BC42BEA2F70C19600D3FEC6 /* Project object */;
			proxyType = 1;
			remoteGlobalIDString = 7BC42BF12F70C19600D3FEC6;
			remoteInfo = CodingBuddy;
		};
/* End PBXContainerItemProxy section */

/* Begin PBXFileReference section */
		7BC42BF22F70C19600D3FEC6 /* CodingBuddy.app */ = {isa = PBXFileReference; explicitFileType = wrapper.application; includeInIndex = 0; path = CodingBuddy.app; sourceTree = BUILT_PRODUCTS_DIR; };
		7BC42BFF2F70C19800D3FEC6 /* CodingBuddyTests.xctest */ = {isa = PBXFileReference; explicitFileType = wrapper.cfbundle; includeInIndex = 0; path = CodingBuddyTests.xctest; sourceTree = BUILT_PRODUCTS_DIR; };
		7BC42C092F70C19800D3FEC6 /* CodingBuddyUITests.xctest */ = {isa = PBXFileReference; explicitFileType = wrapper.cfbundle; includeInIndex = 0; path = CodingBuddyUITests.xctest; sourceTree = BUILT_PRODUCTS_DIR; };
/* End PBXFileReference section */

/* Begin PBXFileSystemSynchronizedRootGroup section */
		7BC42BF42F70C19600D3FEC6 /* CodingBuddy */ = {
			isa = PBXFileSystemSynchronizedRootGroup;
			path = CodingBuddy;
			sourceTree = "<group>";
		};
		7BC42C022F70C19800D3FEC6 /* CodingBuddyTests */ = {
			isa = PBXFileSystemSynchronizedRootGroup;
			path = CodingBuddyTests;
			sourceTree = "<group>";
		};
		7BC42C0C2F70C19800D3FEC6 /* CodingBuddyUITests */ = {
			isa = PBXFileSystemSynchronizedRootGroup;
			path = CodingBuddyUITests;
			sourceTree = "<group>";
		};
/* End PBXFileSystemSynchronizedRootGroup section */

/* Begin PBXFrameworksBuildPhase section */
		7BC42BEF2F70C19600D3FEC6 /* Frameworks */ = {
			isa = PBXFrameworksBuildPhase;
			buildActionMask = 2147483647;
			files = (
				CC0000010000000100000001 /* CodingBuddyKit in Frameworks */,
				CC0000010000000300000003 /* CodingBuddyChat in Frameworks */,
				BB0000012FA0000700000007 /* ApprovalServerKit in Frameworks */,
				FA0000010000000100000001 /* Sparkle in Frameworks */,
			);
			runOnlyForDeploymentPostprocessing = 0;
		};
		7BC42BFC2F70C19800D3FEC6 /* Frameworks */ = {
			isa = PBXFrameworksBuildPhase;
			buildActionMask = 2147483647;
			files = (
			);
			runOnlyForDeploymentPostprocessing = 0;
		};
		7BC42C062F70C19800D3FEC6 /* Frameworks */ = {
			isa = PBXFrameworksBuildPhase;
			buildActionMask = 2147483647;
			files = (
			);
			runOnlyForDeploymentPostprocessing = 0;
		};
/* End PBXFrameworksBuildPhase section */

/* Begin PBXGroup section */
		7BC42BE92F70C19600D3FEC6 = {
			isa = PBXGroup;
			children = (
				7BC42BF42F70C19600D3FEC6 /* CodingBuddy */,
				7BC42C022F70C19800D3FEC6 /* CodingBuddyTests */,
				7BC42C0C2F70C19800D3FEC6 /* CodingBuddyUITests */,
				7BC42BF32F70C19600D3FEC6 /* Products */,
			);
			sourceTree = "<group>";
		};
		7BC42BF32F70C19600D3FEC6 /* Products */ = {
			isa = PBXGroup;
			children = (
				7BC42BF22F70C19600D3FEC6 /* CodingBuddy.app */,
				7BC42BFF2F70C19800D3FEC6 /* CodingBuddyTests.xctest */,
				7BC42C092F70C19800D3FEC6 /* CodingBuddyUITests.xctest */,
			);
			name = Products;
			sourceTree = "<group>";
		};
/* End PBXGroup section */

/* Begin PBXNativeTarget section */
		7BC42BF12F70C19600D3FEC6 /* CodingBuddy */ = {
			isa = PBXNativeTarget;
			buildConfigurationList = 7BC42C132F70C19800D3FEC6 /* Build configuration list for PBXNativeTarget "CodingBuddy" */;
			buildPhases = (
				7BC42BEE2F70C19600D3FEC6 /* Sources */,
				7BC42BEF2F70C19600D3FEC6 /* Frameworks */,
				7BC42BF02F70C19600D3FEC6 /* Resources */,
				BB0000012FA0000900000009 /* ShellScript */,
			);
			buildRules = (
			);
			dependencies = (
			);
			fileSystemSynchronizedGroups = (
				7BC42BF42F70C19600D3FEC6 /* CodingBuddy */,
			);
			name = CodingBuddy;
			packageProductDependencies = (
				CC0000010000000200000002 /* CodingBuddyKit */,
				CC0000010000000400000004 /* CodingBuddyChat */,
				BB0000012FA0000800000008 /* ApprovalServerKit */,
				FA0000010000000200000002 /* Sparkle */,
			);
			productName = CodingBuddy;
			productReference = 7BC42BF22F70C19600D3FEC6 /* CodingBuddy.app */;
			productType = "com.apple.product-type.application";
		};
		7BC42BFE2F70C19800D3FEC6 /* CodingBuddyTests */ = {
			isa = PBXNativeTarget;
			buildConfigurationList = 7BC42C162F70C19800D3FEC6 /* Build configuration list for PBXNativeTarget "CodingBuddyTests" */;
			buildPhases = (
				7BC42BFB2F70C19800D3FEC6 /* Sources */,
				7BC42BFC2F70C19800D3FEC6 /* Frameworks */,
				7BC42BFD2F70C19800D3FEC6 /* Resources */,
			);
			buildRules = (
			);
			dependencies = (
				7BC42C012F70C19800D3FEC6 /* PBXTargetDependency */,
			);
			fileSystemSynchronizedGroups = (
				7BC42C022F70C19800D3FEC6 /* CodingBuddyTests */,
			);
			name = CodingBuddyTests;
			packageProductDependencies = (
			);
			productName = CodingBuddyTests;
			productReference = 7BC42BFF2F70C19800D3FEC6 /* CodingBuddyTests.xctest */;
			productType = "com.apple.product-type.bundle.unit-test";
		};
		7BC42C082F70C19800D3FEC6 /* CodingBuddyUITests */ = {
			isa = PBXNativeTarget;
			buildConfigurationList = 7BC42C192F70C19800D3FEC6 /* Build configuration list for PBXNativeTarget "CodingBuddyUITests" */;
			buildPhases = (
				7BC42C052F70C19800D3FEC6 /* Sources */,
				7BC42C062F70C19800D3FEC6 /* Frameworks */,
				7BC42C072F70C19800D3FEC6 /* Resources */,
			);
			buildRules = (
			);
			dependencies = (
				7BC42C0B2F70C19800D3FEC6 /* PBXTargetDependency */,
			);
			fileSystemSynchronizedGroups = (
				7BC42C0C2F70C19800D3FEC6 /* CodingBuddyUITests */,
			);
			name = CodingBuddyUITests;
			packageProductDependencies = (
			);
			productName = CodingBuddyUITests;
			productReference = 7BC42C092F70C19800D3FEC6 /* CodingBuddyUITests.xctest */;
			productType = "com.apple.product-type.bundle.ui-testing";
		};
/* End PBXNativeTarget section */

/* Begin PBXProject section */
		7BC42BEA2F70C19600D3FEC6 /* Project object */ = {
			isa = PBXProject;
			attributes = {
				BuildIndependentTargetsInParallel = 1;
				LastSwiftUpdateCheck = 2630;
				LastUpgradeCheck = 2630;
				TargetAttributes = {
					7BC42BF12F70C19600D3FEC6 = {
						CreatedOnToolsVersion = 26.3;
					};
					7BC42BFE2F70C19800D3FEC6 = {
						CreatedOnToolsVersion = 26.3;
						TestTargetID = 7BC42BF12F70C19600D3FEC6;
					};
					7BC42C082F70C19800D3FEC6 = {
						CreatedOnToolsVersion = 26.3;
						TestTargetID = 7BC42BF12F70C19600D3FEC6;
					};
				};
			};
			buildConfigurationList = 7BC42BED2F70C19600D3FEC6 /* Build configuration list for PBXProject "CodingBuddy" */;
			developmentRegion = en;
			hasScannedForEncodings = 0;
			knownRegions = (
				en,
				Base,
			);
			mainGroup = 7BC42BE92F70C19600D3FEC6;
			minimizedProjectReferenceProxies = 1;
			packageReferences = (
				CC0000010000000700000007 /* XCLocalSwiftPackageReference "Packages/CodingBuddyKit" */,
				CC0000010000000800000008 /* XCLocalSwiftPackageReference "Packages/CodingBuddyChat" */,
				BB0000012FA0000A0000000A /* XCRemoteSwiftPackageReference "ClaudeCodeApprovalServer" */,
				FA0000010000000300000003 /* XCRemoteSwiftPackageReference "Sparkle" */,
			);
			preferredProjectObjectVersion = 77;
			productRefGroup = 7BC42BF32F70C19600D3FEC6 /* Products */;
			projectDirPath = "";
			projectRoot = "";
			targets = (
				7BC42BF12F70C19600D3FEC6 /* CodingBuddy */,
				7BC42BFE2F70C19800D3FEC6 /* CodingBuddyTests */,
				7BC42C082F70C19800D3FEC6 /* CodingBuddyUITests */,
			);
		};
/* End PBXProject section */

/* Begin PBXResourcesBuildPhase section */
		7BC42BF02F70C19600D3FEC6 /* Resources */ = {
			isa = PBXResourcesBuildPhase;
			buildActionMask = 2147483647;
			files = (
			);
			runOnlyForDeploymentPostprocessing = 0;
		};
		7BC42BFD2F70C19800D3FEC6 /* Resources */ = {
			isa = PBXResourcesBuildPhase;
			buildActionMask = 2147483647;
			files = (
			);
			runOnlyForDeploymentPostprocessing = 0;
		};
		7BC42C072F70C19800D3FEC6 /* Resources */ = {
			isa = PBXResourcesBuildPhase;
			buildActionMask = 2147483647;
			files = (
			);
			runOnlyForDeploymentPostprocessing = 0;
		};
/* End PBXResourcesBuildPhase section */

/* Begin PBXShellScriptBuildPhase section */
		BB0000012FA0000900000009 /* ShellScript */ = {
			isa = PBXShellScriptBuildPhase;
			alwaysOutOfDate = 1;
			buildActionMask = 2147483647;
			files = (
			);
			inputFileListPaths = (
			);
			inputPaths = (
			);
			outputFileListPaths = (
			);
			outputPaths = (
			);
			runOnlyForDeploymentPostprocessing = 0;
			shellPath = /bin/sh;
			shellScript = "\"${SRCROOT}/bundle_server.sh\"\n";
		};
/* End PBXShellScriptBuildPhase section */

/* Begin PBXSourcesBuildPhase section */
		7BC42BEE2F70C19600D3FEC6 /* Sources */ = {
			isa = PBXSourcesBuildPhase;
			buildActionMask = 2147483647;
			files = (
			);
			runOnlyForDeploymentPostprocessing = 0;
		};
		7BC42BFB2F70C19800D3FEC6 /* Sources */ = {
			isa = PBXSourcesBuildPhase;
			buildActionMask = 2147483647;
			files = (
			);
			runOnlyForDeploymentPostprocessing = 0;
		};
		7BC42C052F70C19800D3FEC6 /* Sources */ = {
			isa = PBXSourcesBuildPhase;
			buildActionMask = 2147483647;
			files = (
			);
			runOnlyForDeploymentPostprocessing = 0;
		};
/* End PBXSourcesBuildPhase section */

/* Begin PBXTargetDependency section */
		7BC42C012F70C19800D3FEC6 /* PBXTargetDependency */ = {
			isa = PBXTargetDependency;
			target = 7BC42BF12F70C19600D3FEC6 /* CodingBuddy */;
			targetProxy = 7BC42C002F70C19800D3FEC6 /* PBXContainerItemProxy */;
		};
		7BC42C0B2F70C19800D3FEC6 /* PBXTargetDependency */ = {
			isa = PBXTargetDependency;
			target = 7BC42BF12F70C19600D3FEC6 /* CodingBuddy */;
			targetProxy = 7BC42C0A2F70C19800D3FEC6 /* PBXContainerItemProxy */;
		};
/* End PBXTargetDependency section */

/* Begin XCBuildConfiguration section */
		7BC42C112F70C19800D3FEC6 /* Debug */ = {
			isa = XCBuildConfiguration;
			buildSettings = {
				ALWAYS_SEARCH_USER_PATHS = NO;
				ASSETCATALOG_COMPILER_GENERATE_SWIFT_ASSET_SYMBOL_EXTENSIONS = YES;
				CLANG_ANALYZER_NONNULL = YES;
				CLANG_ANALYZER_NUMBER_OBJECT_CONVERSION = YES_AGGRESSIVE;
				CLANG_CXX_LANGUAGE_STANDARD = "gnu++20";
				CLANG_ENABLE_MODULES = YES;
				CLANG_ENABLE_OBJC_ARC = YES;
				CLANG_ENABLE_OBJC_WEAK = YES;
				CLANG_WARN_BLOCK_CAPTURE_AUTORELEASING = YES;
				CLANG_WARN_BOOL_CONVERSION = YES;
				CLANG_WARN_COMMA = YES;
				CLANG_WARN_CONSTANT_CONVERSION = YES;
				CLANG_WARN_DEPRECATED_OBJC_IMPLEMENTATIONS = YES;
				CLANG_WARN_DIRECT_OBJC_ISA_USAGE = YES_ERROR;
				CLANG_WARN_DOCUMENTATION_COMMENTS = YES;
				CLANG_WARN_EMPTY_BODY = YES;
				CLANG_WARN_ENUM_CONVERSION = YES;
				CLANG_WARN_INFINITE_RECURSION = YES;
				CLANG_WARN_INT_CONVERSION = YES;
				CLANG_WARN_NON_LITERAL_NULL_CONVERSION = YES;
				CLANG_WARN_OBJC_IMPLICIT_RETAIN_SELF = YES;
				CLANG_WARN_OBJC_LITERAL_CONVERSION = YES;
				CLANG_WARN_OBJC_ROOT_CLASS = YES_ERROR;
				CLANG_WARN_QUOTED_INCLUDE_IN_FRAMEWORK_HEADER = YES;
				CLANG_WARN_RANGE_LOOP_ANALYSIS = YES;
				CLANG_WARN_STRICT_PROTOTYPES = YES;
				CLANG_WARN_SUSPICIOUS_MOVE = YES;
				CLANG_WARN_UNGUARDED_AVAILABILITY = YES_AGGRESSIVE;
				CLANG_WARN_UNREACHABLE_CODE = YES;
				CLANG_WARN__DUPLICATE_METHOD_MATCH = YES;
				COPY_PHASE_STRIP = NO;
				DEBUG_INFORMATION_FORMAT = dwarf;
				ENABLE_STRICT_OBJC_MSGSEND = YES;
				ENABLE_TESTABILITY = YES;
				ENABLE_USER_SCRIPT_SANDBOXING = NO;
				GCC_C_LANGUAGE_STANDARD = gnu17;
				GCC_DYNAMIC_NO_PIC = NO;
				GCC_NO_COMMON_BLOCKS = YES;
				GCC_OPTIMIZATION_LEVEL = 0;
				GCC_PREPROCESSOR_DEFINITIONS = (
					"DEBUG=1",
					"$(inherited)",
				);
				GCC_WARN_64_TO_32_BIT_CONVERSION = YES;
				GCC_WARN_ABOUT_RETURN_TYPE = YES_ERROR;
				GCC_WARN_UNDECLARED_SELECTOR = YES;
				GCC_WARN_UNINITIALIZED_AUTOS = YES_AGGRESSIVE;
				GCC_WARN_UNUSED_FUNCTION = YES;
				GCC_WARN_UNUSED_VARIABLE = YES;
				LOCALIZATION_PREFERS_STRING_CATALOGS = YES;
				MACOSX_DEPLOYMENT_TARGET = 26.2;
				MTL_ENABLE_DEBUG_INFO = INCLUDE_SOURCE;
				MTL_FAST_MATH = YES;
				ONLY_ACTIVE_ARCH = YES;
				SDKROOT = macosx;
				SWIFT_ACTIVE_COMPILATION_CONDITIONS = "DEBUG $(inherited)";
				SWIFT_OPTIMIZATION_LEVEL = "-Onone";
			};
			name = Debug;
		};
		7BC42C122F70C19800D3FEC6 /* Release */ = {
			isa = XCBuildConfiguration;
			buildSettings = {
				ALWAYS_SEARCH_USER_PATHS = NO;
				ASSETCATALOG_COMPILER_GENERATE_SWIFT_ASSET_SYMBOL_EXTENSIONS = YES;
				CLANG_ANALYZER_NONNULL = YES;
				CLANG_ANALYZER_NUMBER_OBJECT_CONVERSION = YES_AGGRESSIVE;
				CLANG_CXX_LANGUAGE_STANDARD = "gnu++20";
				CLANG_ENABLE_MODULES = YES;
				CLANG_ENABLE_OBJC_ARC = YES;
				CLANG_ENABLE_OBJC_WEAK = YES;
				CLANG_WARN_BLOCK_CAPTURE_AUTORELEASING = YES;
				CLANG_WARN_BOOL_CONVERSION = YES;
				CLANG_WARN_COMMA = YES;
				CLANG_WARN_CONSTANT_CONVERSION = YES;
				CLANG_WARN_DEPRECATED_OBJC_IMPLEMENTATIONS = YES;
				CLANG_WARN_DIRECT_OBJC_ISA_USAGE = YES_ERROR;
				CLANG_WARN_DOCUMENTATION_COMMENTS = YES;
				CLANG_WARN_EMPTY_BODY = YES;
				CLANG_WARN_ENUM_CONVERSION = YES;
				CLANG_WARN_INFINITE_RECURSION = YES;
				CLANG_WARN_INT_CONVERSION = YES;
				CLANG_WARN_NON_LITERAL_NULL_CONVERSION = YES;
				CLANG_WARN_OBJC_IMPLICIT_RETAIN_SELF = YES;
				CLANG_WARN_OBJC_LITERAL_CONVERSION = YES;
				CLANG_WARN_OBJC_ROOT_CLASS = YES_ERROR;
				CLANG_WARN_QUOTED_INCLUDE_IN_FRAMEWORK_HEADER = YES;
				CLANG_WARN_RANGE_LOOP_ANALYSIS = YES;
				CLANG_WARN_STRICT_PROTOTYPES = YES;
				CLANG_WARN_SUSPICIOUS_MOVE = YES;
				CLANG_WARN_UNGUARDED_AVAILABILITY = YES_AGGRESSIVE;
				CLANG_WARN_UNREACHABLE_CODE = YES;
				CLANG_WARN__DUPLICATE_METHOD_MATCH = YES;
				COPY_PHASE_STRIP = NO;
				DEBUG_INFORMATION_FORMAT = "dwarf-with-dsym";
				ENABLE_NS_ASSERTIONS = NO;
				ENABLE_STRICT_OBJC_MSGSEND = YES;
				ENABLE_USER_SCRIPT_SANDBOXING = NO;
				GCC_C_LANGUAGE_STANDARD = gnu17;
				GCC_NO_COMMON_BLOCKS = YES;
				GCC_WARN_64_TO_32_BIT_CONVERSION = YES;
				GCC_WARN_ABOUT_RETURN_TYPE = YES_ERROR;
				GCC_WARN_UNDECLARED_SELECTOR = YES;
				GCC_WARN_UNINITIALIZED_AUTOS = YES_AGGRESSIVE;
				GCC_WARN_UNUSED_FUNCTION = YES;
				GCC_WARN_UNUSED_VARIABLE = YES;
				LOCALIZATION_PREFERS_STRING_CATALOGS = YES;
				MACOSX_DEPLOYMENT_TARGET = 26.2;
				MTL_ENABLE_DEBUG_INFO = NO;
				MTL_FAST_MATH = YES;
				SDKROOT = macosx;
				SWIFT_COMPILATION_MODE = wholemodule;
			};
			name = Release;
		};
		7BC42C142F70C19800D3FEC6 /* Debug */ = {
			isa = XCBuildConfiguration;
			buildSettings = {
				ASSETCATALOG_COMPILER_APPICON_NAME = AppIcon;
				ASSETCATALOG_COMPILER_GLOBAL_ACCENT_COLOR_NAME = AccentColor;
				CODE_SIGN_STYLE = Automatic;
				COMBINE_HIDPI_IMAGES = YES;
				CURRENT_PROJECT_VERSION = 1;
				ENABLE_APP_SANDBOX = NO;
				ENABLE_PREVIEWS = YES;
				ENABLE_USER_SELECTED_FILES = readonly;
				GENERATE_INFOPLIST_FILE = NO;
				INFOPLIST_FILE = Config/CodingBuddyInfo.plist;
				INFOPLIST_KEY_NSHumanReadableCopyright = "";
				LD_RUNPATH_SEARCH_PATHS = (
					"$(inherited)",
					"@executable_path/../Frameworks",
				);
				MARKETING_VERSION = 1.2.0;
				PRODUCT_BUNDLE_IDENTIFIER = jamesrochabrun.CodingBuddy;
				PRODUCT_NAME = "$(TARGET_NAME)";
				REGISTER_APP_GROUPS = YES;
				STRING_CATALOG_GENERATE_SYMBOLS = YES;
				SWIFT_APPROACHABLE_CONCURRENCY = YES;
				SWIFT_DEFAULT_ACTOR_ISOLATION = MainActor;
				SWIFT_EMIT_LOC_STRINGS = YES;
				SWIFT_UPCOMING_FEATURE_MEMBER_IMPORT_VISIBILITY = YES;
				SWIFT_VERSION = 5.0;
			};
			name = Debug;
		};
		7BC42C152F70C19800D3FEC6 /* Release */ = {
			isa = XCBuildConfiguration;
			buildSettings = {
				ASSETCATALOG_COMPILER_APPICON_NAME = AppIcon;
				ASSETCATALOG_COMPILER_GLOBAL_ACCENT_COLOR_NAME = AccentColor;
				CODE_SIGN_STYLE = Automatic;
				COMBINE_HIDPI_IMAGES = YES;
				CURRENT_PROJECT_VERSION = 1;
				ENABLE_APP_SANDBOX = NO;
				ENABLE_HARDENED_RUNTIME = YES;
				ENABLE_PREVIEWS = YES;
				ENABLE_USER_SELECTED_FILES = readonly;
				GENERATE_INFOPLIST_FILE = NO;
				INFOPLIST_FILE = Config/CodingBuddyInfo.plist;
				INFOPLIST_KEY_NSHumanReadableCopyright = "";
				LD_RUNPATH_SEARCH_PATHS = (
					"$(inherited)",
					"@executable_path/../Frameworks",
				);
				MARKETING_VERSION = 1.2.0;
				PRODUCT_BUNDLE_IDENTIFIER = jamesrochabrun.CodingBuddy;
				PRODUCT_NAME = "$(TARGET_NAME)";
				REGISTER_APP_GROUPS = YES;
				STRING_CATALOG_GENERATE_SYMBOLS = YES;
				SWIFT_APPROACHABLE_CONCURRENCY = YES;
				SWIFT_DEFAULT_ACTOR_ISOLATION = MainActor;
				SWIFT_EMIT_LOC_STRINGS = YES;
				SWIFT_UPCOMING_FEATURE_MEMBER_IMPORT_VISIBILITY = YES;
				SWIFT_VERSION = 5.0;
			};
			name = Release;
		};
		7BC42C172F70C19800D3FEC6 /* Debug */ = {
			isa = XCBuildConfiguration;
			buildSettings = {
				BUNDLE_LOADER = "$(TEST_HOST)";
				CODE_SIGN_STYLE = Automatic;
				CURRENT_PROJECT_VERSION = 1;
				GENERATE_INFOPLIST_FILE = YES;
				MACOSX_DEPLOYMENT_TARGET = 26.2;
				MARKETING_VERSION = 1.2.0;
				PRODUCT_BUNDLE_IDENTIFIER = jamesrochabrun.CodingBuddyTests;
				PRODUCT_NAME = "$(TARGET_NAME)";
				STRING_CATALOG_GENERATE_SYMBOLS = NO;
				SWIFT_APPROACHABLE_CONCURRENCY = YES;
				SWIFT_EMIT_LOC_STRINGS = NO;
				SWIFT_UPCOMING_FEATURE_MEMBER_IMPORT_VISIBILITY = YES;
				SWIFT_VERSION = 5.0;
				TEST_HOST = "$(BUILT_PRODUCTS_DIR)/CodingBuddy.app/$(BUNDLE_EXECUTABLE_FOLDER_PATH)/CodingBuddy";
			};
			name = Debug;
		};
		7BC42C182F70C19800D3FEC6 /* Release */ = {
			isa = XCBuildConfiguration;
			buildSettings = {
				BUNDLE_LOADER = "$(TEST_HOST)";
				CODE_SIGN_STYLE = Automatic;
				CURRENT_PROJECT_VERSION = 1;
				GENERATE_INFOPLIST_FILE = YES;
				MACOSX_DEPLOYMENT_TARGET = 26.2;
				MARKETING_VERSION = 1.2.0;
				PRODUCT_BUNDLE_IDENTIFIER = jamesrochabrun.CodingBuddyTests;
				PRODUCT_NAME = "$(TARGET_NAME)";
				STRING_CATALOG_GENERATE_SYMBOLS = NO;
				SWIFT_APPROACHABLE_CONCURRENCY = YES;
				SWIFT_EMIT_LOC_STRINGS = NO;
				SWIFT_UPCOMING_FEATURE_MEMBER_IMPORT_VISIBILITY = YES;
				SWIFT_VERSION = 5.0;
				TEST_HOST = "$(BUILT_PRODUCTS_DIR)/CodingBuddy.app/$(BUNDLE_EXECUTABLE_FOLDER_PATH)/CodingBuddy";
			};
			name = Release;
		};
		7BC42C1A2F70C19800D3FEC6 /* Debug */ = {
			isa = XCBuildConfiguration;
			buildSettings = {
				CODE_SIGN_STYLE = Automatic;
				CURRENT_PROJECT_VERSION = 1;
				GENERATE_INFOPLIST_FILE = YES;
				MARKETING_VERSION = 1.2.0;
				PRODUCT_BUNDLE_IDENTIFIER = jamesrochabrun.CodingBuddyUITests;
				PRODUCT_NAME = "$(TARGET_NAME)";
				STRING_CATALOG_GENERATE_SYMBOLS = NO;
				SWIFT_APPROACHABLE_CONCURRENCY = YES;
				SWIFT_EMIT_LOC_STRINGS = NO;
				SWIFT_UPCOMING_FEATURE_MEMBER_IMPORT_VISIBILITY = YES;
				SWIFT_VERSION = 5.0;
				TEST_TARGET_NAME = CodingBuddy;
			};
			name = Debug;
		};
		7BC42C1B2F70C19800D3FEC6 /* Release */ = {
			isa = XCBuildConfiguration;
			buildSettings = {
				CODE_SIGN_STYLE = Automatic;
				CURRENT_PROJECT_VERSION = 1;
				GENERATE_INFOPLIST_FILE = YES;
				MARKETING_VERSION = 1.2.0;
				PRODUCT_BUNDLE_IDENTIFIER = jamesrochabrun.CodingBuddyUITests;
				PRODUCT_NAME = "$(TARGET_NAME)";
				STRING_CATALOG_GENERATE_SYMBOLS = NO;
				SWIFT_APPROACHABLE_CONCURRENCY = YES;
				SWIFT_EMIT_LOC_STRINGS = NO;
				SWIFT_UPCOMING_FEATURE_MEMBER_IMPORT_VISIBILITY = YES;
				SWIFT_VERSION = 5.0;
				TEST_TARGET_NAME = CodingBuddy;
			};
			name = Release;
		};
/* End XCBuildConfiguration section */

/* Begin XCConfigurationList section */
		7BC42BED2F70C19600D3FEC6 /* Build configuration list for PBXProject "CodingBuddy" */ = {
			isa = XCConfigurationList;
			buildConfigurations = (
				7BC42C112F70C19800D3FEC6 /* Debug */,
				7BC42C122F70C19800D3FEC6 /* Release */,
			);
			defaultConfigurationIsVisible = 0;
			defaultConfigurationName = Release;
		};
		7BC42C132F70C19800D3FEC6 /* Build configuration list for PBXNativeTarget "CodingBuddy" */ = {
			isa = XCConfigurationList;
			buildConfigurations = (
				7BC42C142F70C19800D3FEC6 /* Debug */,
				7BC42C152F70C19800D3FEC6 /* Release */,
			);
			defaultConfigurationIsVisible = 0;
			defaultConfigurationName = Release;
		};
		7BC42C162F70C19800D3FEC6 /* Build configuration list for PBXNativeTarget "CodingBuddyTests" */ = {
			isa = XCConfigurationList;
			buildConfigurations = (
				7BC42C172F70C19800D3FEC6 /* Debug */,
				7BC42C182F70C19800D3FEC6 /* Release */,
			);
			defaultConfigurationIsVisible = 0;
			defaultConfigurationName = Release;
		};
		7BC42C192F70C19800D3FEC6 /* Build configuration list for PBXNativeTarget "CodingBuddyUITests" */ = {
			isa = XCConfigurationList;
			buildConfigurations = (
				7BC42C1A2F70C19800D3FEC6 /* Debug */,
				7BC42C1B2F70C19800D3FEC6 /* Release */,
			);
			defaultConfigurationIsVisible = 0;
			defaultConfigurationName = Release;
		};
/* End XCConfigurationList section */

/* Begin XCLocalSwiftPackageReference section */
		CC0000010000000700000007 /* XCLocalSwiftPackageReference "Packages/CodingBuddyKit" */ = {
			isa = XCLocalSwiftPackageReference;
			relativePath = Packages/CodingBuddyKit;
		};
		CC0000010000000800000008 /* XCLocalSwiftPackageReference "Packages/CodingBuddyChat" */ = {
			isa = XCLocalSwiftPackageReference;
			relativePath = Packages/CodingBuddyChat;
		};
/* End XCLocalSwiftPackageReference section */

/* Begin XCRemoteSwiftPackageReference section */
		BB0000012FA0000A0000000A /* XCRemoteSwiftPackageReference "ClaudeCodeApprovalServer" */ = {
			isa = XCRemoteSwiftPackageReference;
			repositoryURL = "https://github.com/jamesrochabrun/ClaudeCodeApprovalServer";
			requirement = {
				kind = exactVersion;
				version = 1.2.0;
			};
		};
		FA0000010000000300000003 /* XCRemoteSwiftPackageReference "Sparkle" */ = {
			isa = XCRemoteSwiftPackageReference;
			repositoryURL = "https://github.com/sparkle-project/Sparkle";
			requirement = {
				kind = exactVersion;
				version = 2.9.3;
			};
		};
/* End XCRemoteSwiftPackageReference section */

/* Begin XCSwiftPackageProductDependency section */
		BB0000012FA0000800000008 /* ApprovalServerKit */ = {
			isa = XCSwiftPackageProductDependency;
			package = BB0000012FA0000A0000000A /* XCRemoteSwiftPackageReference "ClaudeCodeApprovalServer" */;
			productName = ApprovalServerKit;
		};
		CC0000010000000200000002 /* CodingBuddyKit */ = {
			isa = XCSwiftPackageProductDependency;
			productName = CodingBuddyKit;
		};
		CC0000010000000400000004 /* CodingBuddyChat */ = {
			isa = XCSwiftPackageProductDependency;
			productName = CodingBuddyChat;
		};
		FA0000010000000200000002 /* Sparkle */ = {
			isa = XCSwiftPackageProductDependency;
			package = FA0000010000000300000003 /* XCRemoteSwiftPackageReference "Sparkle" */;
			productName = Sparkle;
		};
/* End XCSwiftPackageProductDependency section */
	};
	rootObject = 7BC42BEA2F70C19600D3FEC6 /* Project object */;
}
